PODS:
  - Alamofire (5.7.1)
  - IQKeyboardManagerSwift (6.5.11)
  - lottie-ios (4.2.0)
  - ReachabilitySwift (5.0.0)
  - SDWebImage (5.15.5):
    - SDWebImage/Core (= 5.15.5)
  - SDWebImage/Core (5.15.5)

DEPENDENCIES:
  - Alamofire
  - IQKeyboardManagerSwift
  - lottie-ios
  - ReachabilitySwift
  - SDWebImage (~> 5.0)

SPEC REPOS:
  trunk:
    - Alamofire
    - IQKeyboardManagerSwift
    - lottie-ios
    - ReachabilitySwift
    - SDWebImage

SPEC CHECKSUMS:
  Alamofire: 0123a34370cb170936ae79a8df46cc62b2edeb88
  IQKeyboardManagerSwift: c7955c0bdbf7b2eb29bb7daaa44e3d90f55a9a85
  lottie-ios: 809ecf2d460ed650a6aed7aa88b2ec45fab4779c
  ReachabilitySwift: 985039c6f7b23a1da463388634119492ff86c825
  SDWebImage: fd7e1a22f00303e058058278639bf6196ee431fe

PODFILE CHECKSUM: 4e2ac318c4305c97e4c563e211ada5ba4d1f5289

COCOAPODS: 1.12.1
