// !$*UTF8*$!
{
	archiveVersion = 1;
	classes = {
	};
	objectVersion = 56;
	objects = {

/* Begin PBXBuildFile section */
		39D26174ED9ED79AA096E008 /* Pods_SportsSquad.framework in Frameworks */ = {isa = PBXBuildFile; fileRef = 987EEADD84CF518200CF59FB /* Pods_SportsSquad.framework */; };
		4B2E9B16D57896FA7599A240 /* Pods_SportsSquad_SportsSquadUITests.framework in Frameworks */ = {isa = PBXBuildFile; fileRef = CDA27676CCDF52C6D2EBFB60 /* Pods_SportsSquad_SportsSquadUITests.framework */; };
		8F2CAFC92A19FBFD004BE9CC /* TeamsDetailsViewController.swift in Sources */ = {isa = PBXBuildFile; fileRef = 8F2CAFC82A19FBFD004BE9CC /* TeamsDetailsViewController.swift */; };
		8F52C5262A1BD17300909ECF /* DataBaseManeger.swift in Sources */ = {isa = PBXBuildFile; fileRef = 8F52C5252A1BD17300909ECF /* DataBaseManeger.swift */; };
		8F5314862A1A8ED800D076FF /* TeamDetailsCell.swift in Sources */ = {isa = PBXBuildFile; fileRef = 8F5314852A1A8ED800D076FF /* TeamDetailsCell.swift */; };
		8F53ACAD2A179B4000FE580F /* APIHandler.swift in Sources */ = {isa = PBXBuildFile; fileRef = 8F53ACAC2A179B4000FE580F /* APIHandler.swift */; };
		8F53ACAF2A17A33400FE580F /* LeaguesModel.swift in Sources */ = {isa = PBXBuildFile; fileRef = 8F53ACAE2A17A33400FE580F /* LeaguesModel.swift */; };
		8F5608C12A167012009DBD2D /* AppDelegate.swift in Sources */ = {isa = PBXBuildFile; fileRef = 8F5608C02A167012009DBD2D /* AppDelegate.swift */; };
		8F5608C82A167012009DBD2D /* Main.storyboard in Resources */ = {isa = PBXBuildFile; fileRef = 8F5608C62A167012009DBD2D /* Main.storyboard */; };
		8F5608CB2A167012009DBD2D /* SportsSquad.xcdatamodeld in Sources */ = {isa = PBXBuildFile; fileRef = 8F5608C92A167012009DBD2D /* SportsSquad.xcdatamodeld */; };
		8F5608CD2A167018009DBD2D /* Assets.xcassets in Resources */ = {isa = PBXBuildFile; fileRef = 8F5608CC2A167018009DBD2D /* Assets.xcassets */; };
		8F5608D02A167018009DBD2D /* LaunchScreen.storyboard in Resources */ = {isa = PBXBuildFile; fileRef = 8F5608CE2A167018009DBD2D /* LaunchScreen.storyboard */; };
		8F5608DB2A167018009DBD2D /* SportsSquadTests.swift in Sources */ = {isa = PBXBuildFile; fileRef = 8F5608DA2A167018009DBD2D /* SportsSquadTests.swift */; };
		8F5608E52A167019009DBD2D /* SportsSquadUITests.swift in Sources */ = {isa = PBXBuildFile; fileRef = 8F5608E42A167019009DBD2D /* SportsSquadUITests.swift */; };
		8F5608E72A167019009DBD2D /* SportsSquadUITestsLaunchTests.swift in Sources */ = {isa = PBXBuildFile; fileRef = 8F5608E62A167019009DBD2D /* SportsSquadUITestsLaunchTests.swift */; };
		8F5608F42A1670B7009DBD2D /* HomeViewController.swift in Sources */ = {isa = PBXBuildFile; fileRef = 8F5608F32A1670B7009DBD2D /* HomeViewController.swift */; };
		8F5608F62A1670DE009DBD2D /* HomeLandscapeViewController.swift in Sources */ = {isa = PBXBuildFile; fileRef = 8F5608F52A1670DE009DBD2D /* HomeLandscapeViewController.swift */; };
		8F5608F82A167117009DBD2D /* Constants.swift in Sources */ = {isa = PBXBuildFile; fileRef = 8F5608F72A167117009DBD2D /* Constants.swift */; };
		8F56E1482A19367C00624EDC /* TeamsCell.swift in Sources */ = {isa = PBXBuildFile; fileRef = 8F56E1462A19367C00624EDC /* TeamsCell.swift */; };
		8F56E1492A19367C00624EDC /* TeamsCell.xib in Resources */ = {isa = PBXBuildFile; fileRef = 8F56E1472A19367C00624EDC /* TeamsCell.xib */; };
		8F95E2EB2A167CE60028D6BB /* LaunchViewController.swift in Sources */ = {isa = PBXBuildFile; fileRef = 8F95E2EA2A167CE60028D6BB /* LaunchViewController.swift */; };
		8F95E2EF2A1698490028D6BB /* LeaguesViewController.swift in Sources */ = {isa = PBXBuildFile; fileRef = 8F95E2EE2A1698490028D6BB /* LeaguesViewController.swift */; };
		8F95E2F32A16B15F0028D6BB /* Extensions.swift in Sources */ = {isa = PBXBuildFile; fileRef = 8F95E2F22A16B15F0028D6BB /* Extensions.swift */; };
		8F95E2F72A16DC710028D6BB /* LeaguesCell.swift in Sources */ = {isa = PBXBuildFile; fileRef = 8F95E2F62A16DC710028D6BB /* LeaguesCell.swift */; };
		8FB30AEDB1F560B9E17E8644 /* Pods_SportsSquadTests.framework in Frameworks */ = {isa = PBXBuildFile; fileRef = 213252BC35EB05710713247F /* Pods_SportsSquadTests.framework */; };
		8FB4B16D2A18E9FF00D785CC /* UpComingEventsCell.swift in Sources */ = {isa = PBXBuildFile; fileRef = 8FB4B16B2A18E9FF00D785CC /* UpComingEventsCell.swift */; };
		8FB4B16E2A18E9FF00D785CC /* UpComingEventsCell.xib in Resources */ = {isa = PBXBuildFile; fileRef = 8FB4B16C2A18E9FF00D785CC /* UpComingEventsCell.xib */; };
		8FB4B1752A18F5A100D785CC /* LatestEventCell.swift in Sources */ = {isa = PBXBuildFile; fileRef = 8FB4B1732A18F5A100D785CC /* LatestEventCell.swift */; };
		8FB4B1762A18F5A100D785CC /* LatestEventCell.xib in Resources */ = {isa = PBXBuildFile; fileRef = 8FB4B1742A18F5A100D785CC /* LatestEventCell.xib */; };
		8FB4B17A2A190B0E00D785CC /* LeagueDetailsViewController.swift in Sources */ = {isa = PBXBuildFile; fileRef = 8FB4B1792A190B0E00D785CC /* LeagueDetailsViewController.swift */; };
		8FD0C5B02A18B35A00A77E84 /* DatabaseServiceProtocol.swift in Sources */ = {isa = PBXBuildFile; fileRef = 8FD0C5AF2A18B35A00A77E84 /* DatabaseServiceProtocol.swift */; };
		8FD0C5B22A18B39700A77E84 /* FetchLeaguesProtocol.swift in Sources */ = {isa = PBXBuildFile; fileRef = 8FD0C5B12A18B39700A77E84 /* FetchLeaguesProtocol.swift */; };
		8FD0C5B42A18B3D100A77E84 /* FetchLeagueDetailsProtocol.swift in Sources */ = {isa = PBXBuildFile; fileRef = 8FD0C5B32A18B3D100A77E84 /* FetchLeagueDetailsProtocol.swift */; };
		8FD0C5B62A18B48100A77E84 /* FetchTeamsProtocol.swift in Sources */ = {isa = PBXBuildFile; fileRef = 8FD0C5B52A18B48100A77E84 /* FetchTeamsProtocol.swift */; };
		8FE37A052A17B8B00066B431 /* UpComingModel.swift in Sources */ = {isa = PBXBuildFile; fileRef = 8FE37A042A17B8B00066B431 /* UpComingModel.swift */; };
		8FE37A072A17B90B0066B431 /* LatestEventModel.swift in Sources */ = {isa = PBXBuildFile; fileRef = 8FE37A062A17B90B0066B431 /* LatestEventModel.swift */; };
		8FE37A092A17B94E0066B431 /* TeamsModel.swift in Sources */ = {isa = PBXBuildFile; fileRef = 8FE37A082A17B94E0066B431 /* TeamsModel.swift */; };
		8FE37A172A17BC420066B431 /* APIHandlerProtocol.swift in Sources */ = {isa = PBXBuildFile; fileRef = 8FE37A162A17BC420066B431 /* APIHandlerProtocol.swift */; };
		8FE37A232A17D2F00066B431 /* NetworkStatusChecker.swift in Sources */ = {isa = PBXBuildFile; fileRef = 8FE37A222A17D2F00066B431 /* NetworkStatusChecker.swift */; };
		8FEAC8482A1D0F8900B4E167 /* FavouriteViewController.swift in Sources */ = {isa = PBXBuildFile; fileRef = 8FEAC8472A1D0F8900B4E167 /* FavouriteViewController.swift */; };
		8FEAC84B2A1D0FAB00B4E167 /* FavCell.swift in Sources */ = {isa = PBXBuildFile; fileRef = 8FEAC84A2A1D0FAB00B4E167 /* FavCell.swift */; };
/* End PBXBuildFile section */

/* Begin PBXContainerItemProxy section */
		8F5608D72A167018009DBD2D /* PBXContainerItemProxy */ = {
			isa = PBXContainerItemProxy;
			containerPortal = 8F5608B52A167012009DBD2D /* Project object */;
			proxyType = 1;
			remoteGlobalIDString = 8F5608BC2A167012009DBD2D;
			remoteInfo = SportsSquad;
		};
		8F5608E12A167019009DBD2D /* PBXContainerItemProxy */ = {
			isa = PBXContainerItemProxy;
			containerPortal = 8F5608B52A167012009DBD2D /* Project object */;
			proxyType = 1;
			remoteGlobalIDString = 8F5608BC2A167012009DBD2D;
			remoteInfo = SportsSquad;
		};
/* End PBXContainerItemProxy section */

/* Begin PBXFileReference section */
		213252BC35EB05710713247F /* Pods_SportsSquadTests.framework */ = {isa = PBXFileReference; explicitFileType = wrapper.framework; includeInIndex = 0; path = Pods_SportsSquadTests.framework; sourceTree = BUILT_PRODUCTS_DIR; };
		387A02314D4F56F412B6C068 /* Pods-SportsSquadTests.release.xcconfig */ = {isa = PBXFileReference; includeInIndex = 1; lastKnownFileType = text.xcconfig; name = "Pods-SportsSquadTests.release.xcconfig"; path = "Target Support Files/Pods-SportsSquadTests/Pods-SportsSquadTests.release.xcconfig"; sourceTree = "<group>"; };
		5F90AC0AB0B7CED12DB21EC9 /* Pods-SportsSquadTests.debug.xcconfig */ = {isa = PBXFileReference; includeInIndex = 1; lastKnownFileType = text.xcconfig; name = "Pods-SportsSquadTests.debug.xcconfig"; path = "Target Support Files/Pods-SportsSquadTests/Pods-SportsSquadTests.debug.xcconfig"; sourceTree = "<group>"; };
		8F2CAFC82A19FBFD004BE9CC /* TeamsDetailsViewController.swift */ = {isa = PBXFileReference; lastKnownFileType = sourcecode.swift; path = TeamsDetailsViewController.swift; sourceTree = "<group>"; };
		8F52C5252A1BD17300909ECF /* DataBaseManeger.swift */ = {isa = PBXFileReference; lastKnownFileType = sourcecode.swift; path = DataBaseManeger.swift; sourceTree = "<group>"; };
		8F5314852A1A8ED800D076FF /* TeamDetailsCell.swift */ = {isa = PBXFileReference; lastKnownFileType = sourcecode.swift; path = TeamDetailsCell.swift; sourceTree = "<group>"; };
		8F53ACAC2A179B4000FE580F /* APIHandler.swift */ = {isa = PBXFileReference; lastKnownFileType = sourcecode.swift; path = APIHandler.swift; sourceTree = "<group>"; };
		8F53ACAE2A17A33400FE580F /* LeaguesModel.swift */ = {isa = PBXFileReference; lastKnownFileType = sourcecode.swift; path = LeaguesModel.swift; sourceTree = "<group>"; };
		8F5608BD2A167012009DBD2D /* SportsSquad.app */ = {isa = PBXFileReference; explicitFileType = wrapper.application; includeInIndex = 0; path = SportsSquad.app; sourceTree = BUILT_PRODUCTS_DIR; };
		8F5608C02A167012009DBD2D /* AppDelegate.swift */ = {isa = PBXFileReference; lastKnownFileType = sourcecode.swift; path = AppDelegate.swift; sourceTree = "<group>"; };
		8F5608C72A167012009DBD2D /* Base */ = {isa = PBXFileReference; lastKnownFileType = file.storyboard; name = Base; path = Base.lproj/Main.storyboard; sourceTree = "<group>"; };
		8F5608CA2A167012009DBD2D /* SportsSquad.xcdatamodel */ = {isa = PBXFileReference; lastKnownFileType = wrapper.xcdatamodel; path = SportsSquad.xcdatamodel; sourceTree = "<group>"; };
		8F5608CC2A167018009DBD2D /* Assets.xcassets */ = {isa = PBXFileReference; lastKnownFileType = folder.assetcatalog; path = Assets.xcassets; sourceTree = "<group>"; };
		8F5608CF2A167018009DBD2D /* Base */ = {isa = PBXFileReference; lastKnownFileType = file.storyboard; name = Base; path = Base.lproj/LaunchScreen.storyboard; sourceTree = "<group>"; };
		8F5608D12A167018009DBD2D /* Info.plist */ = {isa = PBXFileReference; lastKnownFileType = text.plist.xml; path = Info.plist; sourceTree = "<group>"; };
		8F5608D62A167018009DBD2D /* SportsSquadTests.xctest */ = {isa = PBXFileReference; explicitFileType = wrapper.cfbundle; includeInIndex = 0; path = SportsSquadTests.xctest; sourceTree = BUILT_PRODUCTS_DIR; };
		8F5608DA2A167018009DBD2D /* SportsSquadTests.swift */ = {isa = PBXFileReference; lastKnownFileType = sourcecode.swift; path = SportsSquadTests.swift; sourceTree = "<group>"; };
		8F5608E02A167019009DBD2D /* SportsSquadUITests.xctest */ = {isa = PBXFileReference; explicitFileType = wrapper.cfbundle; includeInIndex = 0; path = SportsSquadUITests.xctest; sourceTree = BUILT_PRODUCTS_DIR; };
		8F5608E42A167019009DBD2D /* SportsSquadUITests.swift */ = {isa = PBXFileReference; lastKnownFileType = sourcecode.swift; path = SportsSquadUITests.swift; sourceTree = "<group>"; };
		8F5608E62A167019009DBD2D /* SportsSquadUITestsLaunchTests.swift */ = {isa = PBXFileReference; lastKnownFileType = sourcecode.swift; path = SportsSquadUITestsLaunchTests.swift; sourceTree = "<group>"; };
		8F5608F32A1670B7009DBD2D /* HomeViewController.swift */ = {isa = PBXFileReference; lastKnownFileType = sourcecode.swift; path = HomeViewController.swift; sourceTree = "<group>"; };
		8F5608F52A1670DE009DBD2D /* HomeLandscapeViewController.swift */ = {isa = PBXFileReference; lastKnownFileType = sourcecode.swift; path = HomeLandscapeViewController.swift; sourceTree = "<group>"; };
		8F5608F72A167117009DBD2D /* Constants.swift */ = {isa = PBXFileReference; lastKnownFileType = sourcecode.swift; path = Constants.swift; sourceTree = "<group>"; };
		8F56E1462A19367C00624EDC /* TeamsCell.swift */ = {isa = PBXFileReference; lastKnownFileType = sourcecode.swift; path = TeamsCell.swift; sourceTree = "<group>"; };
		8F56E1472A19367C00624EDC /* TeamsCell.xib */ = {isa = PBXFileReference; lastKnownFileType = file.xib; path = TeamsCell.xib; sourceTree = "<group>"; };
		8F95E2EA2A167CE60028D6BB /* LaunchViewController.swift */ = {isa = PBXFileReference; lastKnownFileType = sourcecode.swift; path = LaunchViewController.swift; sourceTree = "<group>"; };
		8F95E2EE2A1698490028D6BB /* LeaguesViewController.swift */ = {isa = PBXFileReference; lastKnownFileType = sourcecode.swift; path = LeaguesViewController.swift; sourceTree = "<group>"; };
		8F95E2F22A16B15F0028D6BB /* Extensions.swift */ = {isa = PBXFileReference; lastKnownFileType = sourcecode.swift; path = Extensions.swift; sourceTree = "<group>"; };
		8F95E2F62A16DC710028D6BB /* LeaguesCell.swift */ = {isa = PBXFileReference; lastKnownFileType = sourcecode.swift; path = LeaguesCell.swift; sourceTree = "<group>"; };
		8FB4B16B2A18E9FF00D785CC /* UpComingEventsCell.swift */ = {isa = PBXFileReference; lastKnownFileType = sourcecode.swift; path = UpComingEventsCell.swift; sourceTree = "<group>"; };
		8FB4B16C2A18E9FF00D785CC /* UpComingEventsCell.xib */ = {isa = PBXFileReference; lastKnownFileType = file.xib; path = UpComingEventsCell.xib; sourceTree = "<group>"; };
		8FB4B1732A18F5A100D785CC /* LatestEventCell.swift */ = {isa = PBXFileReference; lastKnownFileType = sourcecode.swift; path = LatestEventCell.swift; sourceTree = "<group>"; };
		8FB4B1742A18F5A100D785CC /* LatestEventCell.xib */ = {isa = PBXFileReference; lastKnownFileType = file.xib; path = LatestEventCell.xib; sourceTree = "<group>"; };
		8FB4B1792A190B0E00D785CC /* LeagueDetailsViewController.swift */ = {isa = PBXFileReference; lastKnownFileType = sourcecode.swift; path = LeagueDetailsViewController.swift; sourceTree = "<group>"; };
		8FD0C5AF2A18B35A00A77E84 /* DatabaseServiceProtocol.swift */ = {isa = PBXFileReference; lastKnownFileType = sourcecode.swift; path = DatabaseServiceProtocol.swift; sourceTree = "<group>"; };
		8FD0C5B12A18B39700A77E84 /* FetchLeaguesProtocol.swift */ = {isa = PBXFileReference; lastKnownFileType = sourcecode.swift; path = FetchLeaguesProtocol.swift; sourceTree = "<group>"; };
		8FD0C5B32A18B3D100A77E84 /* FetchLeagueDetailsProtocol.swift */ = {isa = PBXFileReference; lastKnownFileType = sourcecode.swift; path = FetchLeagueDetailsProtocol.swift; sourceTree = "<group>"; };
		8FD0C5B52A18B48100A77E84 /* FetchTeamsProtocol.swift */ = {isa = PBXFileReference; lastKnownFileType = sourcecode.swift; path = FetchTeamsProtocol.swift; sourceTree = "<group>"; };
		8FE37A042A17B8B00066B431 /* UpComingModel.swift */ = {isa = PBXFileReference; lastKnownFileType = sourcecode.swift; path = UpComingModel.swift; sourceTree = "<group>"; };
		8FE37A062A17B90B0066B431 /* LatestEventModel.swift */ = {isa = PBXFileReference; lastKnownFileType = sourcecode.swift; path = LatestEventModel.swift; sourceTree = "<group>"; };
		8FE37A082A17B94E0066B431 /* TeamsModel.swift */ = {isa = PBXFileReference; lastKnownFileType = sourcecode.swift; path = TeamsModel.swift; sourceTree = "<group>"; };
		8FE37A162A17BC420066B431 /* APIHandlerProtocol.swift */ = {isa = PBXFileReference; lastKnownFileType = sourcecode.swift; path = APIHandlerProtocol.swift; sourceTree = "<group>"; };
		8FE37A222A17D2F00066B431 /* NetworkStatusChecker.swift */ = {isa = PBXFileReference; lastKnownFileType = sourcecode.swift; path = NetworkStatusChecker.swift; sourceTree = "<group>"; };
		8FEAC8472A1D0F8900B4E167 /* FavouriteViewController.swift */ = {isa = PBXFileReference; lastKnownFileType = sourcecode.swift; path = FavouriteViewController.swift; sourceTree = "<group>"; };
		8FEAC84A2A1D0FAB00B4E167 /* FavCell.swift */ = {isa = PBXFileReference; lastKnownFileType = sourcecode.swift; path = FavCell.swift; sourceTree = "<group>"; };
		987EEADD84CF518200CF59FB /* Pods_SportsSquad.framework */ = {isa = PBXFileReference; explicitFileType = wrapper.framework; includeInIndex = 0; path = Pods_SportsSquad.framework; sourceTree = BUILT_PRODUCTS_DIR; };
		A59E12AD5EFEC998B3AA137C /* Pods-SportsSquad.debug.xcconfig */ = {isa = PBXFileReference; includeInIndex = 1; lastKnownFileType = text.xcconfig; name = "Pods-SportsSquad.debug.xcconfig"; path = "Target Support Files/Pods-SportsSquad/Pods-SportsSquad.debug.xcconfig"; sourceTree = "<group>"; };
		AA34E17055671A9CBA3AE449 /* Pods-SportsSquad-SportsSquadUITests.debug.xcconfig */ = {isa = PBXFileReference; includeInIndex = 1; lastKnownFileType = text.xcconfig; name = "Pods-SportsSquad-SportsSquadUITests.debug.xcconfig"; path = "Target Support Files/Pods-SportsSquad-SportsSquadUITests/Pods-SportsSquad-SportsSquadUITests.debug.xcconfig"; sourceTree = "<group>"; };
		C8F08ADCD6A61FCA1A5081DF /* Pods-SportsSquad.release.xcconfig */ = {isa = PBXFileReference; includeInIndex = 1; lastKnownFileType = text.xcconfig; name = "Pods-SportsSquad.release.xcconfig"; path = "Target Support Files/Pods-SportsSquad/Pods-SportsSquad.release.xcconfig"; sourceTree = "<group>"; };
		CDA27676CCDF52C6D2EBFB60 /* Pods_SportsSquad_SportsSquadUITests.framework */ = {isa = PBXFileReference; explicitFileType = wrapper.framework; includeInIndex = 0; path = Pods_SportsSquad_SportsSquadUITests.framework; sourceTree = BUILT_PRODUCTS_DIR; };
		D024E5C65A415765F4D98954 /* Pods-SportsSquad-SportsSquadUITests.release.xcconfig */ = {isa = PBXFileReference; includeInIndex = 1; lastKnownFileType = text.xcconfig; name = "Pods-SportsSquad-SportsSquadUITests.release.xcconfig"; path = "Target Support Files/Pods-SportsSquad-SportsSquadUITests/Pods-SportsSquad-SportsSquadUITests.release.xcconfig"; sourceTree = "<group>"; };
/* End PBXFileReference section */

/* Begin PBXFrameworksBuildPhase section */
		8F5608BA2A167012009DBD2D /* Frameworks */ = {
			isa = PBXFrameworksBuildPhase;
			buildActionMask = 2147483647;
			files = (
				39D26174ED9ED79AA096E008 /* Pods_SportsSquad.framework in Frameworks */,
			);
			runOnlyForDeploymentPostprocessing = 0;
		};
		8F5608D32A167018009DBD2D /* Frameworks */ = {
			isa = PBXFrameworksBuildPhase;
			buildActionMask = 2147483647;
			files = (
				8FB30AEDB1F560B9E17E8644 /* Pods_SportsSquadTests.framework in Frameworks */,
			);
			runOnlyForDeploymentPostprocessing = 0;
		};
		8F5608DD2A167019009DBD2D /* Frameworks */ = {
			isa = PBXFrameworksBuildPhase;
			buildActionMask = 2147483647;
			files = (
				4B2E9B16D57896FA7599A240 /* Pods_SportsSquad_SportsSquadUITests.framework in Frameworks */,
			);
			runOnlyForDeploymentPostprocessing = 0;
		};
/* End PBXFrameworksBuildPhase section */

/* Begin PBXGroup section */
		0CB9FB82B7081B431C70DB27 /* Frameworks */ = {
			isa = PBXGroup;
			children = (
				987EEADD84CF518200CF59FB /* Pods_SportsSquad.framework */,
				CDA27676CCDF52C6D2EBFB60 /* Pods_SportsSquad_SportsSquadUITests.framework */,
				213252BC35EB05710713247F /* Pods_SportsSquadTests.framework */,
			);
			name = Frameworks;
			sourceTree = "<group>";
		};
		160B195101CDE7D3160A7DC1 /* Pods */ = {
			isa = PBXGroup;
			children = (
				A59E12AD5EFEC998B3AA137C /* Pods-SportsSquad.debug.xcconfig */,
				C8F08ADCD6A61FCA1A5081DF /* Pods-SportsSquad.release.xcconfig */,
				AA34E17055671A9CBA3AE449 /* Pods-SportsSquad-SportsSquadUITests.debug.xcconfig */,
				D024E5C65A415765F4D98954 /* Pods-SportsSquad-SportsSquadUITests.release.xcconfig */,
				5F90AC0AB0B7CED12DB21EC9 /* Pods-SportsSquadTests.debug.xcconfig */,
				387A02314D4F56F412B6C068 /* Pods-SportsSquadTests.release.xcconfig */,
			);
			path = Pods;
			sourceTree = "<group>";
		};
		8F0BE1C22A17F32B003AD56A /* LeagueDetails */ = {
			isa = PBXGroup;
			children = (
				8FEAC8302A1D003500B4E167 /* view */,
				8FEAC8342A1D007A00B4E167 /* viewmodel */,
			);
			path = LeagueDetails;
			sourceTree = "<group>";
		};
		8F2CAFC62A19F90F004BE9CC /* CoreData */ = {
			isa = PBXGroup;
			children = (
				8FD0C5AF2A18B35A00A77E84 /* DatabaseServiceProtocol.swift */,
				8F52C5252A1BD17300909ECF /* DataBaseManeger.swift */,
			);
			path = CoreData;
			sourceTree = "<group>";
		};
		8F2CAFC72A19FB91004BE9CC /* TeamsDetails */ = {
			isa = PBXGroup;
			children = (
				8FEAC82C2A1CFFDE00B4E167 /* view */,
				8FEAC82D2A1CFFE800B4E167 /* viewmodel */,
			);
			name = TeamsDetails;
			path = Controllers;
			sourceTree = "<group>";
		};
		8F53ACA92A17989100FE580F /* Utilities */ = {
			isa = PBXGroup;
			children = (
				8FE37A222A17D2F00066B431 /* NetworkStatusChecker.swift */,
				8F5608F72A167117009DBD2D /* Constants.swift */,
				8F95E2F22A16B15F0028D6BB /* Extensions.swift */,
			);
			path = Utilities;
			sourceTree = "<group>";
		};
		8F53ACB02A17A37700FE580F /* Model */ = {
			isa = PBXGroup;
			children = (
				8F2CAFC62A19F90F004BE9CC /* CoreData */,
				8FE37A0F2A17BA250066B431 /* Network */,
				8FE37A102A17BB170066B431 /* Classes */,
			);
			path = Model;
			sourceTree = "<group>";
		};
		8F5608B42A167012009DBD2D = {
			isa = PBXGroup;
			children = (
				8F5608BF2A167012009DBD2D /* SportsSquad */,
				8F5608D92A167018009DBD2D /* SportsSquadTests */,
				8F5608E32A167019009DBD2D /* SportsSquadUITests */,
				8F5608BE2A167012009DBD2D /* Products */,
				160B195101CDE7D3160A7DC1 /* Pods */,
				0CB9FB82B7081B431C70DB27 /* Frameworks */,
			);
			sourceTree = "<group>";
		};
		8F5608BE2A167012009DBD2D /* Products */ = {
			isa = PBXGroup;
			children = (
				8F5608BD2A167012009DBD2D /* SportsSquad.app */,
				8F5608D62A167018009DBD2D /* SportsSquadTests.xctest */,
				8F5608E02A167019009DBD2D /* SportsSquadUITests.xctest */,
			);
			name = Products;
			sourceTree = "<group>";
		};
		8F5608BF2A167012009DBD2D /* SportsSquad */ = {
			isa = PBXGroup;
			children = (
				8F53ACA92A17989100FE580F /* Utilities */,
				8F53ACB02A17A37700FE580F /* Model */,
				8FEAC8292A1CFF4600B4E167 /* Modules */,
				8FE37A182A17BC840066B431 /* View */,
				8F5608D12A167018009DBD2D /* Info.plist */,
				8F5608CC2A167018009DBD2D /* Assets.xcassets */,
				8F5608C02A167012009DBD2D /* AppDelegate.swift */,
				8F5608C92A167012009DBD2D /* SportsSquad.xcdatamodeld */,
			);
			path = SportsSquad;
			sourceTree = "<group>";
		};
		8F5608D92A167018009DBD2D /* SportsSquadTests */ = {
			isa = PBXGroup;
			children = (
				8F5608DA2A167018009DBD2D /* SportsSquadTests.swift */,
			);
			path = SportsSquadTests;
			sourceTree = "<group>";
		};
		8F5608E32A167019009DBD2D /* SportsSquadUITests */ = {
			isa = PBXGroup;
			children = (
				8F5608E42A167019009DBD2D /* SportsSquadUITests.swift */,
				8F5608E62A167019009DBD2D /* SportsSquadUITestsLaunchTests.swift */,
			);
			path = SportsSquadUITests;
			sourceTree = "<group>";
		};
		8FE37A0F2A17BA250066B431 /* Network */ = {
			isa = PBXGroup;
			children = (
				8F53ACAC2A179B4000FE580F /* APIHandler.swift */,
				8FE37A162A17BC420066B431 /* APIHandlerProtocol.swift */,
				8FD0C5B12A18B39700A77E84 /* FetchLeaguesProtocol.swift */,
				8FD0C5B32A18B3D100A77E84 /* FetchLeagueDetailsProtocol.swift */,
				8FD0C5B52A18B48100A77E84 /* FetchTeamsProtocol.swift */,
			);
			path = Network;
			sourceTree = "<group>";
		};
		8FE37A102A17BB170066B431 /* Classes */ = {
			isa = PBXGroup;
			children = (
				8F53ACAE2A17A33400FE580F /* LeaguesModel.swift */,
				8FE37A042A17B8B00066B431 /* UpComingModel.swift */,
				8FE37A062A17B90B0066B431 /* LatestEventModel.swift */,
				8FE37A082A17B94E0066B431 /* TeamsModel.swift */,
			);
			path = Classes;
			sourceTree = "<group>";
		};
		8FE37A182A17BC840066B431 /* View */ = {
			isa = PBXGroup;
			children = (
				8FE37A192A17BC8B0066B431 /* Launch */,
				8F5608C62A167012009DBD2D /* Main.storyboard */,
			);
			path = View;
			sourceTree = "<group>";
		};
		8FE37A192A17BC8B0066B431 /* Launch */ = {
			isa = PBXGroup;
			children = (
				8F5608CE2A167018009DBD2D /* LaunchScreen.storyboard */,
				8F95E2EA2A167CE60028D6BB /* LaunchViewController.swift */,
			);
			path = Launch;
			sourceTree = "<group>";
		};
		8FE37A1B2A17BCC70066B431 /* Home */ = {
			isa = PBXGroup;
			children = (
				8FEAC82B2A1CFFD000B4E167 /* view */,
			);
			path = Home;
			sourceTree = "<group>";
		};
		8FE37A1E2A17BD230066B431 /* Leagues */ = {
			isa = PBXGroup;
			children = (
				8FEAC82E2A1D000E00B4E167 /* view */,
			);
			path = Leagues;
			sourceTree = "<group>";
		};
		8FEAC8292A1CFF4600B4E167 /* Modules */ = {
			isa = PBXGroup;
			children = (
				8FEAC8452A1D0F5F00B4E167 /* Favourites */,
				8FE37A1B2A17BCC70066B431 /* Home */,
				8FE37A1E2A17BD230066B431 /* Leagues */,
				8F0BE1C22A17F32B003AD56A /* LeagueDetails */,
				8F2CAFC72A19FB91004BE9CC /* TeamsDetails */,
			);
			path = Modules;
			sourceTree = "<group>";
		};
		8FEAC82B2A1CFFD000B4E167 /* view */ = {
			isa = PBXGroup;
			children = (
				8F5608F52A1670DE009DBD2D /* HomeLandscapeViewController.swift */,
				8F5608F32A1670B7009DBD2D /* HomeViewController.swift */,
			);
			path = view;
			sourceTree = "<group>";
		};
		8FEAC82C2A1CFFDE00B4E167 /* view */ = {
			isa = PBXGroup;
			children = (
				8F2CAFC82A19FBFD004BE9CC /* TeamsDetailsViewController.swift */,
				8F5314852A1A8ED800D076FF /* TeamDetailsCell.swift */,
			);
			name = view;
			sourceTree = "<group>";
		};
		8FEAC82D2A1CFFE800B4E167 /* viewmodel */ = {
			isa = PBXGroup;
			children = (
			);
			name = viewmodel;
			sourceTree = "<group>";
		};
		8FEAC82E2A1D000E00B4E167 /* view */ = {
			isa = PBXGroup;
			children = (
				8F95E2F62A16DC710028D6BB /* LeaguesCell.swift */,
				8F95E2EE2A1698490028D6BB /* LeaguesViewController.swift */,
			);
			path = view;
			sourceTree = "<group>";
		};
		8FEAC8302A1D003500B4E167 /* view */ = {
			isa = PBXGroup;
			children = (
				8FB4B1792A190B0E00D785CC /* LeagueDetailsViewController.swift */,
				8FEAC8332A1D006100B4E167 /* teams */,
				8FEAC8322A1D005A00B4E167 /* latest */,
				8FEAC8312A1D004700B4E167 /* upcoming */,
			);
			path = view;
			sourceTree = "<group>";
		};
		8FEAC8312A1D004700B4E167 /* upcoming */ = {
			isa = PBXGroup;
			children = (
				8FB4B16C2A18E9FF00D785CC /* UpComingEventsCell.xib */,
				8FB4B16B2A18E9FF00D785CC /* UpComingEventsCell.swift */,
			);
			path = upcoming;
			sourceTree = "<group>";
		};
		8FEAC8322A1D005A00B4E167 /* latest */ = {
			isa = PBXGroup;
			children = (
				8FB4B1732A18F5A100D785CC /* LatestEventCell.swift */,
				8FB4B1742A18F5A100D785CC /* LatestEventCell.xib */,
			);
			path = latest;
			sourceTree = "<group>";
		};
		8FEAC8332A1D006100B4E167 /* teams */ = {
			isa = PBXGroup;
			children = (
				8F56E1472A19367C00624EDC /* TeamsCell.xib */,
				8F56E1462A19367C00624EDC /* TeamsCell.swift */,
			);
			path = teams;
			sourceTree = "<group>";
		};
		8FEAC8342A1D007A00B4E167 /* viewmodel */ = {
			isa = PBXGroup;
			children = (
			);
			path = viewmodel;
			sourceTree = "<group>";
		};
		8FEAC8452A1D0F5F00B4E167 /* Favourites */ = {
			isa = PBXGroup;
			children = (
				8FEAC8492A1D0FA100B4E167 /* New Group */,
				8FEAC8462A1D0F6D00B4E167 /* view */,
			);
			path = Favourites;
			sourceTree = "<group>";
		};
		8FEAC8462A1D0F6D00B4E167 /* view */ = {
			isa = PBXGroup;
			children = (
				8FEAC8472A1D0F8900B4E167 /* FavouriteViewController.swift */,
				8FEAC84A2A1D0FAB00B4E167 /* FavCell.swift */,
			);
			path = view;
			sourceTree = "<group>";
		};
		8FEAC8492A1D0FA100B4E167 /* New Group */ = {
			isa = PBXGroup;
			children = (
			);
			path = "New Group";
			sourceTree = "<group>";
		};
/* End PBXGroup section */

/* Begin PBXNativeTarget section */
		8F5608BC2A167012009DBD2D /* SportsSquad */ = {
			isa = PBXNativeTarget;
			buildConfigurationList = 8F5608EA2A167019009DBD2D /* Build configuration list for PBXNativeTarget "SportsSquad" */;
			buildPhases = (
				D9652A743291F9FC0C692177 /* [CP] Check Pods Manifest.lock */,
				8F5608B92A167012009DBD2D /* Sources */,
				8F5608BA2A167012009DBD2D /* Frameworks */,
				8F5608BB2A167012009DBD2D /* Resources */,
				38EDBD663677C691A96F62EA /* [CP] Embed Pods Frameworks */,
			);
			buildRules = (
			);
			dependencies = (
			);
			name = SportsSquad;
			productName = SportsSquad;
			productReference = 8F5608BD2A167012009DBD2D /* SportsSquad.app */;
			productType = "com.apple.product-type.application";
		};
		8F5608D52A167018009DBD2D /* SportsSquadTests */ = {
			isa = PBXNativeTarget;
			buildConfigurationList = 8F5608ED2A167019009DBD2D /* Build configuration list for PBXNativeTarget "SportsSquadTests" */;
			buildPhases = (
				2EFC8E1252A77FCBFAB8600D /* [CP] Check Pods Manifest.lock */,
				8F5608D22A167018009DBD2D /* Sources */,
				8F5608D32A167018009DBD2D /* Frameworks */,
				8F5608D42A167018009DBD2D /* Resources */,
			);
			buildRules = (
			);
			dependencies = (
				8F5608D82A167018009DBD2D /* PBXTargetDependency */,
			);
			name = SportsSquadTests;
			productName = SportsSquadTests;
			productReference = 8F5608D62A167018009DBD2D /* SportsSquadTests.xctest */;
			productType = "com.apple.product-type.bundle.unit-test";
		};
		8F5608DF2A167019009DBD2D /* SportsSquadUITests */ = {
			isa = PBXNativeTarget;
			buildConfigurationList = 8F5608F02A167019009DBD2D /* Build configuration list for PBXNativeTarget "SportsSquadUITests" */;
			buildPhases = (
				000B628B81ED885FC4D58B14 /* [CP] Check Pods Manifest.lock */,
				8F5608DC2A167019009DBD2D /* Sources */,
				8F5608DD2A167019009DBD2D /* Frameworks */,
				8F5608DE2A167019009DBD2D /* Resources */,
				D357593313ACE2C1603FB611 /* [CP] Embed Pods Frameworks */,
			);
			buildRules = (
			);
			dependencies = (
				8F5608E22A167019009DBD2D /* PBXTargetDependency */,
			);
			name = SportsSquadUITests;
			productName = SportsSquadUITests;
			productReference = 8F5608E02A167019009DBD2D /* SportsSquadUITests.xctest */;
			productType = "com.apple.product-type.bundle.ui-testing";
		};
/* End PBXNativeTarget section */

/* Begin PBXProject section */
		8F5608B52A167012009DBD2D /* Project object */ = {
			isa = PBXProject;
			attributes = {
				BuildIndependentTargetsInParallel = 1;
				LastSwiftUpdateCheck = 1430;
				LastUpgradeCheck = 1430;
				TargetAttributes = {
					8F5608BC2A167012009DBD2D = {
						CreatedOnToolsVersion = 14.3;
					};
					8F5608D52A167018009DBD2D = {
						CreatedOnToolsVersion = 14.3;
						TestTargetID = 8F5608BC2A167012009DBD2D;
					};
					8F5608DF2A167019009DBD2D = {
						CreatedOnToolsVersion = 14.3;
						TestTargetID = 8F5608BC2A167012009DBD2D;
					};
				};
			};
			buildConfigurationList = 8F5608B82A167012009DBD2D /* Build configuration list for PBXProject "SportsSquad" */;
			compatibilityVersion = "Xcode 14.0";
			developmentRegion = en;
			hasScannedForEncodings = 0;
			knownRegions = (
				en,
				Base,
			);
			mainGroup = 8F5608B42A167012009DBD2D;
			productRefGroup = 8F5608BE2A167012009DBD2D /* Products */;
			projectDirPath = "";
			projectRoot = "";
			targets = (
				8F5608BC2A167012009DBD2D /* SportsSquad */,
				8F5608D52A167018009DBD2D /* SportsSquadTests */,
				8F5608DF2A167019009DBD2D /* SportsSquadUITests */,
			);
		};
/* End PBXProject section */

/* Begin PBXResourcesBuildPhase section */
		8F5608BB2A167012009DBD2D /* Resources */ = {
			isa = PBXResourcesBuildPhase;
			buildActionMask = 2147483647;
			files = (
				8F56E1492A19367C00624EDC /* TeamsCell.xib in Resources */,
				8F5608D02A167018009DBD2D /* LaunchScreen.storyboard in Resources */,
				8FB4B1762A18F5A100D785CC /* LatestEventCell.xib in Resources */,
				8F5608CD2A167018009DBD2D /* Assets.xcassets in Resources */,
				8FB4B16E2A18E9FF00D785CC /* UpComingEventsCell.xib in Resources */,
				8F5608C82A167012009DBD2D /* Main.storyboard in Resources */,
			);
			runOnlyForDeploymentPostprocessing = 0;
		};
		8F5608D42A167018009DBD2D /* Resources */ = {
			isa = PBXResourcesBuildPhase;
			buildActionMask = 2147483647;
			files = (
			);
			runOnlyForDeploymentPostprocessing = 0;
		};
		8F5608DE2A167019009DBD2D /* Resources */ = {
			isa = PBXResourcesBuildPhase;
			buildActionMask = 2147483647;
			files = (
			);
			runOnlyForDeploymentPostprocessing = 0;
		};
/* End PBXResourcesBuildPhase section */

/* Begin PBXShellScriptBuildPhase section */
		000B628B81ED885FC4D58B14 /* [CP] Check Pods Manifest.lock */ = {
			isa = PBXShellScriptBuildPhase;
			buildActionMask = 2147483647;
			files = (
			);
			inputFileListPaths = (
			);
			inputPaths = (
				"${PODS_PODFILE_DIR_PATH}/Podfile.lock",
				"${PODS_ROOT}/Manifest.lock",
			);
			name = "[CP] Check Pods Manifest.lock";
			outputFileListPaths = (
			);
			outputPaths = (
				"$(DERIVED_FILE_DIR)/Pods-SportsSquad-SportsSquadUITests-checkManifestLockResult.txt",
			);
			runOnlyForDeploymentPostprocessing = 0;
			shellPath = /bin/sh;
			shellScript = "diff \"${PODS_PODFILE_DIR_PATH}/Podfile.lock\" \"${PODS_ROOT}/Manifest.lock\" > /dev/null\nif [ $? != 0 ] ; then\n    # print error to STDERR\n    echo \"error: The sandbox is not in sync with the Podfile.lock. Run 'pod install' or update your CocoaPods installation.\" >&2\n    exit 1\nfi\n# This output is used by Xcode 'outputs' to avoid re-running this script phase.\necho \"SUCCESS\" > \"${SCRIPT_OUTPUT_FILE_0}\"\n";
			showEnvVarsInLog = 0;
		};
		2EFC8E1252A77FCBFAB8600D /* [CP] Check Pods Manifest.lock */ = {
			isa = PBXShellScriptBuildPhase;
			buildActionMask = 2147483647;
			files = (
			);
			inputFileListPaths = (
			);
			inputPaths = (
				"${PODS_PODFILE_DIR_PATH}/Podfile.lock",
				"${PODS_ROOT}/Manifest.lock",
			);
			name = "[CP] Check Pods Manifest.lock";
			outputFileListPaths = (
			);
			outputPaths = (
				"$(DERIVED_FILE_DIR)/Pods-SportsSquadTests-checkManifestLockResult.txt",
			);
			runOnlyForDeploymentPostprocessing = 0;
			shellPath = /bin/sh;
			shellScript = "diff \"${PODS_PODFILE_DIR_PATH}/Podfile.lock\" \"${PODS_ROOT}/Manifest.lock\" > /dev/null\nif [ $? != 0 ] ; then\n    # print error to STDERR\n    echo \"error: The sandbox is not in sync with the Podfile.lock. Run 'pod install' or update your CocoaPods installation.\" >&2\n    exit 1\nfi\n# This output is used by Xcode 'outputs' to avoid re-running this script phase.\necho \"SUCCESS\" > \"${SCRIPT_OUTPUT_FILE_0}\"\n";
			showEnvVarsInLog = 0;
		};
		38EDBD663677C691A96F62EA /* [CP] Embed Pods Frameworks */ = {
			isa = PBXShellScriptBuildPhase;
			buildActionMask = 2147483647;
			files = (
			);
			inputFileListPaths = (
				"${PODS_ROOT}/Target Support Files/Pods-SportsSquad/Pods-SportsSquad-frameworks-${CONFIGURATION}-input-files.xcfilelist",
			);
			name = "[CP] Embed Pods Frameworks";
			outputFileListPaths = (
				"${PODS_ROOT}/Target Support Files/Pods-SportsSquad/Pods-SportsSquad-frameworks-${CONFIGURATION}-output-files.xcfilelist",
			);
			runOnlyForDeploymentPostprocessing = 0;
			shellPath = /bin/sh;
			shellScript = "\"${PODS_ROOT}/Target Support Files/Pods-SportsSquad/Pods-SportsSquad-frameworks.sh\"\n";
			showEnvVarsInLog = 0;
		};
		D357593313ACE2C1603FB611 /* [CP] Embed Pods Frameworks */ = {
			isa = PBXShellScriptBuildPhase;
			buildActionMask = 2147483647;
			files = (
			);
			inputFileListPaths = (
				"${PODS_ROOT}/Target Support Files/Pods-SportsSquad-SportsSquadUITests/Pods-SportsSquad-SportsSquadUITests-frameworks-${CONFIGURATION}-input-files.xcfilelist",
			);
			name = "[CP] Embed Pods Frameworks";
			outputFileListPaths = (
				"${PODS_ROOT}/Target Support Files/Pods-SportsSquad-SportsSquadUITests/Pods-SportsSquad-SportsSquadUITests-frameworks-${CONFIGURATION}-output-files.xcfilelist",
			);
			runOnlyForDeploymentPostprocessing = 0;
			shellPath = /bin/sh;
			shellScript = "\"${PODS_ROOT}/Target Support Files/Pods-SportsSquad-SportsSquadUITests/Pods-SportsSquad-SportsSquadUITests-frameworks.sh\"\n";
			showEnvVarsInLog = 0;
		};
		D9652A743291F9FC0C692177 /* [CP] Check Pods Manifest.lock */ = {
			isa = PBXShellScriptBuildPhase;
			buildActionMask = 2147483647;
			files = (
			);
			inputFileListPaths = (
			);
			inputPaths = (
				"${PODS_PODFILE_DIR_PATH}/Podfile.lock",
				"${PODS_ROOT}/Manifest.lock",
			);
			name = "[CP] Check Pods Manifest.lock";
			outputFileListPaths = (
			);
			outputPaths = (
				"$(DERIVED_FILE_DIR)/Pods-SportsSquad-checkManifestLockResult.txt",
			);
			runOnlyForDeploymentPostprocessing = 0;
			shellPath = /bin/sh;
			shellScript = "diff \"${PODS_PODFILE_DIR_PATH}/Podfile.lock\" \"${PODS_ROOT}/Manifest.lock\" > /dev/null\nif [ $? != 0 ] ; then\n    # print error to STDERR\n    echo \"error: The sandbox is not in sync with the Podfile.lock. Run 'pod install' or update your CocoaPods installation.\" >&2\n    exit 1\nfi\n# This output is used by Xcode 'outputs' to avoid re-running this script phase.\necho \"SUCCESS\" > \"${SCRIPT_OUTPUT_FILE_0}\"\n";
			showEnvVarsInLog = 0;
		};
/* End PBXShellScriptBuildPhase section */

/* Begin PBXSourcesBuildPhase section */
		8F5608B92A167012009DBD2D /* Sources */ = {
			isa = PBXSourcesBuildPhase;
			buildActionMask = 2147483647;
			files = (
				8FD0C5B42A18B3D100A77E84 /* FetchLeagueDetailsProtocol.swift in Sources */,
				8F53ACAD2A179B4000FE580F /* APIHandler.swift in Sources */,
				8FE37A072A17B90B0066B431 /* LatestEventModel.swift in Sources */,
				8F5608F42A1670B7009DBD2D /* HomeViewController.swift in Sources */,
				8FEAC8482A1D0F8900B4E167 /* FavouriteViewController.swift in Sources */,
				8F2CAFC92A19FBFD004BE9CC /* TeamsDetailsViewController.swift in Sources */,
				8FE37A232A17D2F00066B431 /* NetworkStatusChecker.swift in Sources */,
				8F56E1482A19367C00624EDC /* TeamsCell.swift in Sources */,
				8F95E2F32A16B15F0028D6BB /* Extensions.swift in Sources */,
				8F53ACAF2A17A33400FE580F /* LeaguesModel.swift in Sources */,
				8F52C5262A1BD17300909ECF /* DataBaseManeger.swift in Sources */,
				8F5608CB2A167012009DBD2D /* SportsSquad.xcdatamodeld in Sources */,
				8FD0C5B22A18B39700A77E84 /* FetchLeaguesProtocol.swift in Sources */,
				8FE37A092A17B94E0066B431 /* TeamsModel.swift in Sources */,
				8FEAC84B2A1D0FAB00B4E167 /* FavCell.swift in Sources */,
				8F5608C12A167012009DBD2D /* AppDelegate.swift in Sources */,
				8F95E2EF2A1698490028D6BB /* LeaguesViewController.swift in Sources */,
				8F95E2F72A16DC710028D6BB /* LeaguesCell.swift in Sources */,
				8FB4B16D2A18E9FF00D785CC /* UpComingEventsCell.swift in Sources */,
				8F5314862A1A8ED800D076FF /* TeamDetailsCell.swift in Sources */,
				8F5608F82A167117009DBD2D /* Constants.swift in Sources */,
				8FE37A172A17BC420066B431 /* APIHandlerProtocol.swift in Sources */,
				8F95E2EB2A167CE60028D6BB /* LaunchViewController.swift in Sources */,
				8F5608F62A1670DE009DBD2D /* HomeLandscapeViewController.swift in Sources */,
				8FD0C5B62A18B48100A77E84 /* FetchTeamsProtocol.swift in Sources */,
				8FB4B1752A18F5A100D785CC /* LatestEventCell.swift in Sources */,
				8FD0C5B02A18B35A00A77E84 /* DatabaseServiceProtocol.swift in Sources */,
				8FB4B17A2A190B0E00D785CC /* LeagueDetailsViewController.swift in Sources */,
				8FE37A052A17B8B00066B431 /* UpComingModel.swift in Sources */,
			);
			runOnlyForDeploymentPostprocessing = 0;
		};
		8F5608D22A167018009DBD2D /* Sources */ = {
			isa = PBXSourcesBuildPhase;
			buildActionMask = 2147483647;
			files = (
				8F5608DB2A167018009DBD2D /* SportsSquadTests.swift in Sources */,
			);
			runOnlyForDeploymentPostprocessing = 0;
		};
		8F5608DC2A167019009DBD2D /* Sources */ = {
			isa = PBXSourcesBuildPhase;
			buildActionMask = 2147483647;
			files = (
				8F5608E72A167019009DBD2D /* SportsSquadUITestsLaunchTests.swift in Sources */,
				8F5608E52A167019009DBD2D /* SportsSquadUITests.swift in Sources */,
			);
			runOnlyForDeploymentPostprocessing = 0;
		};
/* End PBXSourcesBuildPhase section */

/* Begin PBXTargetDependency section */
		8F5608D82A167018009DBD2D /* PBXTargetDependency */ = {
			isa = PBXTargetDependency;
			target = 8F5608BC2A167012009DBD2D /* SportsSquad */;
			targetProxy = 8F5608D72A167018009DBD2D /* PBXContainerItemProxy */;
		};
		8F5608E22A167019009DBD2D /* PBXTargetDependency */ = {
			isa = PBXTargetDependency;
			target = 8F5608BC2A167012009DBD2D /* SportsSquad */;
			targetProxy = 8F5608E12A167019009DBD2D /* PBXContainerItemProxy */;
		};
/* End PBXTargetDependency section */

/* Begin PBXVariantGroup section */
		8F5608C62A167012009DBD2D /* Main.storyboard */ = {
			isa = PBXVariantGroup;
			children = (
				8F5608C72A167012009DBD2D /* Base */,
			);
			name = Main.storyboard;
			sourceTree = "<group>";
		};
		8F5608CE2A167018009DBD2D /* LaunchScreen.storyboard */ = {
			isa = PBXVariantGroup;
			children = (
				8F5608CF2A167018009DBD2D /* Base */,
			);
			name = LaunchScreen.storyboard;
			sourceTree = "<group>";
		};
/* End PBXVariantGroup section */

/* Begin XCBuildConfiguration section */
		8F5608E82A167019009DBD2D /* Debug */ = {
			isa = XCBuildConfiguration;
			buildSettings = {
				ALWAYS_SEARCH_USER_PATHS = NO;
				CLANG_ANALYZER_NONNULL = YES;
				CLANG_ANALYZER_NUMBER_OBJECT_CONVERSION = YES_AGGRESSIVE;
				CLANG_CXX_LANGUAGE_STANDARD = "gnu++20";
				CLANG_ENABLE_MODULES = YES;
				CLANG_ENABLE_OBJC_ARC = YES;
				CLANG_ENABLE_OBJC_WEAK = YES;
				CLANG_WARN_BLOCK_CAPTURE_AUTORELEASING = YES;
				CLANG_WARN_BOOL_CONVERSION = YES;
				CLANG_WARN_COMMA = YES;
				CLANG_WARN_CONSTANT_CONVERSION = YES;
				CLANG_WARN_DEPRECATED_OBJC_IMPLEMENTATIONS = YES;
				CLANG_WARN_DIRECT_OBJC_ISA_USAGE = YES_ERROR;
				CLANG_WARN_DOCUMENTATION_COMMENTS = YES;
				CLANG_WARN_EMPTY_BODY = YES;
				CLANG_WARN_ENUM_CONVERSION = YES;
				CLANG_WARN_INFINITE_RECURSION = YES;
				CLANG_WARN_INT_CONVERSION = YES;
				CLANG_WARN_NON_LITERAL_NULL_CONVERSION = YES;
				CLANG_WARN_OBJC_IMPLICIT_RETAIN_SELF = YES;
				CLANG_WARN_OBJC_LITERAL_CONVERSION = YES;
				CLANG_WARN_OBJC_ROOT_CLASS = YES_ERROR;
				CLANG_WARN_QUOTED_INCLUDE_IN_FRAMEWORK_HEADER = YES;
				CLANG_WARN_RANGE_LOOP_ANALYSIS = YES;
				CLANG_WARN_STRICT_PROTOTYPES = YES;
				CLANG_WARN_SUSPICIOUS_MOVE = YES;
				CLANG_WARN_UNGUARDED_AVAILABILITY = YES_AGGRESSIVE;
				CLANG_WARN_UNREACHABLE_CODE = YES;
				CLANG_WARN__DUPLICATE_METHOD_MATCH = YES;
				COPY_PHASE_STRIP = NO;
				DEBUG_INFORMATION_FORMAT = dwarf;
				ENABLE_STRICT_OBJC_MSGSEND = YES;
				ENABLE_TESTABILITY = YES;
				GCC_C_LANGUAGE_STANDARD = gnu11;
				GCC_DYNAMIC_NO_PIC = NO;
				GCC_NO_COMMON_BLOCKS = YES;
				GCC_OPTIMIZATION_LEVEL = 0;
				GCC_PREPROCESSOR_DEFINITIONS = (
					"DEBUG=1",
					"$(inherited)",
				);
				GCC_WARN_64_TO_32_BIT_CONVERSION = YES;
				GCC_WARN_ABOUT_RETURN_TYPE = YES_ERROR;
				GCC_WARN_UNDECLARED_SELECTOR = YES;
				GCC_WARN_UNINITIALIZED_AUTOS = YES_AGGRESSIVE;
				GCC_WARN_UNUSED_FUNCTION = YES;
				GCC_WARN_UNUSED_VARIABLE = YES;
				IPHONEOS_DEPLOYMENT_TARGET = 16.4;
				MTL_ENABLE_DEBUG_INFO = INCLUDE_SOURCE;
				MTL_FAST_MATH = YES;
				ONLY_ACTIVE_ARCH = YES;
				SDKROOT = iphoneos;
				SWIFT_ACTIVE_COMPILATION_CONDITIONS = DEBUG;
				SWIFT_OPTIMIZATION_LEVEL = "-Onone";
			};
			name = Debug;
		};
		8F5608E92A167019009DBD2D /* Release */ = {
			isa = XCBuildConfiguration;
			buildSettings = {
				ALWAYS_SEARCH_USER_PATHS = NO;
				CLANG_ANALYZER_NONNULL = YES;
				CLANG_ANALYZER_NUMBER_OBJECT_CONVERSION = YES_AGGRESSIVE;
				CLANG_CXX_LANGUAGE_STANDARD = "gnu++20";
				CLANG_ENABLE_MODULES = YES;
				CLANG_ENABLE_OBJC_ARC = YES;
				CLANG_ENABLE_OBJC_WEAK = YES;
				CLANG_WARN_BLOCK_CAPTURE_AUTORELEASING = YES;
				CLANG_WARN_BOOL_CONVERSION = YES;
				CLANG_WARN_COMMA = YES;
				CLANG_WARN_CONSTANT_CONVERSION = YES;
				CLANG_WARN_DEPRECATED_OBJC_IMPLEMENTATIONS = YES;
				CLANG_WARN_DIRECT_OBJC_ISA_USAGE = YES_ERROR;
				CLANG_WARN_DOCUMENTATION_COMMENTS = YES;
				CLANG_WARN_EMPTY_BODY = YES;
				CLANG_WARN_ENUM_CONVERSION = YES;
				CLANG_WARN_INFINITE_RECURSION = YES;
				CLANG_WARN_INT_CONVERSION = YES;
				CLANG_WARN_NON_LITERAL_NULL_CONVERSION = YES;
				CLANG_WARN_OBJC_IMPLICIT_RETAIN_SELF = YES;
				CLANG_WARN_OBJC_LITERAL_CONVERSION = YES;
				CLANG_WARN_OBJC_ROOT_CLASS = YES_ERROR;
				CLANG_WARN_QUOTED_INCLUDE_IN_FRAMEWORK_HEADER = YES;
				CLANG_WARN_RANGE_LOOP_ANALYSIS = YES;
				CLANG_WARN_STRICT_PROTOTYPES = YES;
				CLANG_WARN_SUSPICIOUS_MOVE = YES;
				CLANG_WARN_UNGUARDED_AVAILABILITY = YES_AGGRESSIVE;
				CLANG_WARN_UNREACHABLE_CODE = YES;
				CLANG_WARN__DUPLICATE_METHOD_MATCH = YES;
				COPY_PHASE_STRIP = NO;
				DEBUG_INFORMATION_FORMAT = "dwarf-with-dsym";
				ENABLE_NS_ASSERTIONS = NO;
				ENABLE_STRICT_OBJC_MSGSEND = YES;
				GCC_C_LANGUAGE_STANDARD = gnu11;
				GCC_NO_COMMON_BLOCKS = YES;
				GCC_WARN_64_TO_32_BIT_CONVERSION = YES;
				GCC_WARN_ABOUT_RETURN_TYPE = YES_ERROR;
				GCC_WARN_UNDECLARED_SELECTOR = YES;
				GCC_WARN_UNINITIALIZED_AUTOS = YES_AGGRESSIVE;
				GCC_WARN_UNUSED_FUNCTION = YES;
				GCC_WARN_UNUSED_VARIABLE = YES;
				IPHONEOS_DEPLOYMENT_TARGET = 16.4;
				MTL_ENABLE_DEBUG_INFO = NO;
				MTL_FAST_MATH = YES;
				SDKROOT = iphoneos;
				SWIFT_COMPILATION_MODE = wholemodule;
				SWIFT_OPTIMIZATION_LEVEL = "-O";
				VALIDATE_PRODUCT = YES;
			};
			name = Release;
		};
		8F5608EB2A167019009DBD2D /* Debug */ = {
			isa = XCBuildConfiguration;
			baseConfigurationReference = A59E12AD5EFEC998B3AA137C /* Pods-SportsSquad.debug.xcconfig */;
			buildSettings = {
				ASSETCATALOG_COMPILER_APPICON_NAME = AppIcon;
				ASSETCATALOG_COMPILER_GLOBAL_ACCENT_COLOR_NAME = AccentColor;
				CODE_SIGN_STYLE = Automatic;
				CURRENT_PROJECT_VERSION = 1;
				GENERATE_INFOPLIST_FILE = YES;
				INFOPLIST_FILE = SportsSquad/Info.plist;
				INFOPLIST_KEY_UIApplicationSupportsIndirectInputEvents = YES;
				INFOPLIST_KEY_UILaunchStoryboardName = LaunchScreen;
				INFOPLIST_KEY_UIMainStoryboardFile = Main;
				INFOPLIST_KEY_UISupportedInterfaceOrientations_iPad = "UIInterfaceOrientationPortrait UIInterfaceOrientationPortraitUpsideDown UIInterfaceOrientationLandscapeLeft UIInterfaceOrientationLandscapeRight";
				INFOPLIST_KEY_UISupportedInterfaceOrientations_iPhone = "UIInterfaceOrientationPortrait UIInterfaceOrientationLandscapeLeft UIInterfaceOrientationLandscapeRight";
				LD_RUNPATH_SEARCH_PATHS = (
					"$(inherited)",
					"@executable_path/Frameworks",
				);
				MARKETING_VERSION = 1.0;
				PRODUCT_BUNDLE_IDENTIFIER = saraeltlt.SportsSquad;
				PRODUCT_NAME = "$(TARGET_NAME)";
				SWIFT_EMIT_LOC_STRINGS = YES;
				SWIFT_VERSION = 5.0;
				TARGETED_DEVICE_FAMILY = "1,2";
			};
			name = Debug;
		};
		8F5608EC2A167019009DBD2D /* Release */ = {
			isa = XCBuildConfiguration;
			baseConfigurationReference = C8F08ADCD6A61FCA1A5081DF /* Pods-SportsSquad.release.xcconfig */;
			buildSettings = {
				ASSETCATALOG_COMPILER_APPICON_NAME = AppIcon;
				ASSETCATALOG_COMPILER_GLOBAL_ACCENT_COLOR_NAME = AccentColor;
				CODE_SIGN_STYLE = Automatic;
				CURRENT_PROJECT_VERSION = 1;
				GENERATE_INFOPLIST_FILE = YES;
				INFOPLIST_FILE = SportsSquad/Info.plist;
				INFOPLIST_KEY_UIApplicationSupportsIndirectInputEvents = YES;
				INFOPLIST_KEY_UILaunchStoryboardName = LaunchScreen;
				INFOPLIST_KEY_UIMainStoryboardFile = Main;
				INFOPLIST_KEY_UISupportedInterfaceOrientations_iPad = "UIInterfaceOrientationPortrait UIInterfaceOrientationPortraitUpsideDown UIInterfaceOrientationLandscapeLeft UIInterfaceOrientationLandscapeRight";
				INFOPLIST_KEY_UISupportedInterfaceOrientations_iPhone = "UIInterfaceOrientationPortrait UIInterfaceOrientationLandscapeLeft UIInterfaceOrientationLandscapeRight";
				LD_RUNPATH_SEARCH_PATHS = (
					"$(inherited)",
					"@executable_path/Frameworks",
				);
				MARKETING_VERSION = 1.0;
				PRODUCT_BUNDLE_IDENTIFIER = saraeltlt.SportsSquad;
				PRODUCT_NAME = "$(TARGET_NAME)";
				SWIFT_EMIT_LOC_STRINGS = YES;
				SWIFT_VERSION = 5.0;
				TARGETED_DEVICE_FAMILY = "1,2";
			};
			name = Release;
		};
		8F5608EE2A167019009DBD2D /* Debug */ = {
			isa = XCBuildConfiguration;
			baseConfigurationReference = 5F90AC0AB0B7CED12DB21EC9 /* Pods-SportsSquadTests.debug.xcconfig */;
			buildSettings = {
				ALWAYS_EMBED_SWIFT_STANDARD_LIBRARIES = YES;
				BUNDLE_LOADER = "$(TEST_HOST)";
				CODE_SIGN_STYLE = Automatic;
				CURRENT_PROJECT_VERSION = 1;
				GENERATE_INFOPLIST_FILE = YES;
				IPHONEOS_DEPLOYMENT_TARGET = 16.4;
				MARKETING_VERSION = 1.0;
				PRODUCT_BUNDLE_IDENTIFIER = saraeltlt.SportsSquadTests;
				PRODUCT_NAME = "$(TARGET_NAME)";
				SWIFT_EMIT_LOC_STRINGS = NO;
				SWIFT_VERSION = 5.0;
				TARGETED_DEVICE_FAMILY = "1,2";
				TEST_HOST = "$(BUILT_PRODUCTS_DIR)/SportsSquad.app/$(BUNDLE_EXECUTABLE_FOLDER_PATH)/SportsSquad";
			};
			name = Debug;
		};
		8F5608EF2A167019009DBD2D /* Release */ = {
			isa = XCBuildConfiguration;
			baseConfigurationReference = 387A02314D4F56F412B6C068 /* Pods-SportsSquadTests.release.xcconfig */;
			buildSettings = {
				ALWAYS_EMBED_SWIFT_STANDARD_LIBRARIES = YES;
				BUNDLE_LOADER = "$(TEST_HOST)";
				CODE_SIGN_STYLE = Automatic;
				CURRENT_PROJECT_VERSION = 1;
				GENERATE_INFOPLIST_FILE = YES;
				IPHONEOS_DEPLOYMENT_TARGET = 16.4;
				MARKETING_VERSION = 1.0;
				PRODUCT_BUNDLE_IDENTIFIER = saraeltlt.SportsSquadTests;
				PRODUCT_NAME = "$(TARGET_NAME)";
				SWIFT_EMIT_LOC_STRINGS = NO;
				SWIFT_VERSION = 5.0;
				TARGETED_DEVICE_FAMILY = "1,2";
				TEST_HOST = "$(BUILT_PRODUCTS_DIR)/SportsSquad.app/$(BUNDLE_EXECUTABLE_FOLDER_PATH)/SportsSquad";
			};
			name = Release;
		};
		8F5608F12A167019009DBD2D /* Debug */ = {
			isa = XCBuildConfiguration;
			baseConfigurationReference = AA34E17055671A9CBA3AE449 /* Pods-SportsSquad-SportsSquadUITests.debug.xcconfig */;
			buildSettings = {
				ALWAYS_EMBED_SWIFT_STANDARD_LIBRARIES = YES;
				CODE_SIGN_STYLE = Automatic;
				CURRENT_PROJECT_VERSION = 1;
				GENERATE_INFOPLIST_FILE = YES;
				MARKETING_VERSION = 1.0;
				PRODUCT_BUNDLE_IDENTIFIER = saraeltlt.SportsSquadUITests;
				PRODUCT_NAME = "$(TARGET_NAME)";
				SWIFT_EMIT_LOC_STRINGS = NO;
				SWIFT_VERSION = 5.0;
				TARGETED_DEVICE_FAMILY = "1,2";
				TEST_TARGET_NAME = SportsSquad;
			};
			name = Debug;
		};
		8F5608F22A167019009DBD2D /* Release */ = {
			isa = XCBuildConfiguration;
			baseConfigurationReference = D024E5C65A415765F4D98954 /* Pods-SportsSquad-SportsSquadUITests.release.xcconfig */;
			buildSettings = {
				ALWAYS_EMBED_SWIFT_STANDARD_LIBRARIES = YES;
				CODE_SIGN_STYLE = Automatic;
				CURRENT_PROJECT_VERSION = 1;
				GENERATE_INFOPLIST_FILE = YES;
				MARKETING_VERSION = 1.0;
				PRODUCT_BUNDLE_IDENTIFIER = saraeltlt.SportsSquadUITests;
				PRODUCT_NAME = "$(TARGET_NAME)";
				SWIFT_EMIT_LOC_STRINGS = NO;
				SWIFT_VERSION = 5.0;
				TARGETED_DEVICE_FAMILY = "1,2";
				TEST_TARGET_NAME = SportsSquad;
			};
			name = Release;
		};
/* End XCBuildConfiguration section */

/* Begin XCConfigurationList section */
		8F5608B82A167012009DBD2D /* Build configuration list for PBXProject "SportsSquad" */ = {
			isa = XCConfigurationList;
			buildConfigurations = (
				8F5608E82A167019009DBD2D /* Debug */,
				8F5608E92A167019009DBD2D /* Release */,
			);
			defaultConfigurationIsVisible = 0;
			defaultConfigurationName = Release;
		};
		8F5608EA2A167019009DBD2D /* Build configuration list for PBXNativeTarget "SportsSquad" */ = {
			isa = XCConfigurationList;
			buildConfigurations = (
				8F5608EB2A167019009DBD2D /* Debug */,
				8F5608EC2A167019009DBD2D /* Release */,
			);
			defaultConfigurationIsVisible = 0;
			defaultConfigurationName = Release;
		};
		8F5608ED2A167019009DBD2D /* Build configuration list for PBXNativeTarget "SportsSquadTests" */ = {
			isa = XCConfigurationList;
			buildConfigurations = (
				8F5608EE2A167019009DBD2D /* Debug */,
				8F5608EF2A167019009DBD2D /* Release */,
			);
			defaultConfigurationIsVisible = 0;
			defaultConfigurationName = Release;
		};
		8F5608F02A167019009DBD2D /* Build configuration list for PBXNativeTarget "SportsSquadUITests" */ = {
			isa = XCConfigurationList;
			buildConfigurations = (
				8F5608F12A167019009DBD2D /* Debug */,
				8F5608F22A167019009DBD2D /* Release */,
			);
			defaultConfigurationIsVisible = 0;
			defaultConfigurationName = Release;
		};
/* End XCConfigurationList section */

/* Begin XCVersionGroup section */
		8F5608C92A167012009DBD2D /* SportsSquad.xcdatamodeld */ = {
			isa = XCVersionGroup;
			children = (
				8F5608CA2A167012009DBD2D /* SportsSquad.xcdatamodel */,
			);
			currentVersion = 8F5608CA2A167012009DBD2D /* SportsSquad.xcdatamodel */;
			path = SportsSquad.xcdatamodeld;
			sourceTree = "<group>";
			versionGroupType = wrapper.xcdatamodel;
		};
/* End XCVersionGroup section */
	};
	rootObject = 8F5608B52A167012009DBD2D /* Project object */;
}
